// !$*UTF8*$!
{
	archiveVersion = 1;
	classes = {
	};
	objectVersion = 60;
	objects = {

/* Begin PBXAggregateTarget section */
		A922FC392BACB5F30059B955 /* MyFramework */ = {
			isa = PBXAggregateTarget;
			buildConfigurationList = A922FC3A2BACB5F30059B955 /* Build configuration list for PBXAggregateTarget "MyFramework" */;
			buildPhases = (
				A922FC402BACB68F0059B955 /* ShellScript */,
			);
			dependencies = (
			);
			name = MyFramework;
			productName = MyFramework;
		};
/* End PBXAggregateTarget section */

/* Begin PBXBuildFile section */
		A922FC212BACB5C50059B955 /* MyAppApp.swift in Sources */ = {isa = PBXBuildFile; fileRef = A922FC202BACB5C50059B955 /* MyAppApp.swift */; };
		A922FC232BACB5C50059B955 /* ContentView.swift in Sources */ = {isa = PBXBuildFile; fileRef = A922FC222BACB5C50059B955 /* ContentView.swift */; };
		A922FC252BACB5CA0059B955 /* Assets.xcassets in Resources */ = {isa = PBXBuildFile; fileRef = A922FC242BACB5CA0059B955 /* Assets.xcassets */; };
		A922FC282BACB5CA0059B955 /* Preview Assets.xcassets in Resources */ = {isa = PBXBuildFile; fileRef = A922FC272BACB5CA0059B955 /* Preview Assets.xcassets */; };
		A922FC352BACB5E70059B955 /* MyLibrary.swift in Sources */ = {isa = PBXBuildFile; fileRef = A922FC342BACB5E70059B955 /* MyLibrary.swift */; };
		A9312ED12BAD6B9E00E43545 /* MyPackage in Frameworks */ = {isa = PBXBuildFile; productRef = A9312ED02BAD6B9E00E43545 /* MyPackage */; };
		A9312ED52BAD738800E43545 /* MyFramework in Frameworks */ = {isa = PBXBuildFile; productRef = A9312ED42BAD738800E43545 /* MyFramework */; };
/* End PBXBuildFile section */

/* Begin PBXCopyFilesBuildPhase section */
		A922FC302BACB5E70059B955 /* CopyFiles */ = {
			isa = PBXCopyFilesBuildPhase;
			buildActionMask = 2147483647;
			dstPath = "include/$(PRODUCT_NAME)";
			dstSubfolderSpec = 16;
			files = (
			);
			runOnlyForDeploymentPostprocessing = 0;
		};
/* End PBXCopyFilesBuildPhase section */

/* Begin PBXFileReference section */
		A922FC1D2BACB5C50059B955 /* MyApp.app */ = {isa = PBXFileReference; explicitFileType = wrapper.application; includeInIndex = 0; path = MyApp.app; sourceTree = BUILT_PRODUCTS_DIR; };
		A922FC202BACB5C50059B955 /* MyAppApp.swift */ = {isa = PBXFileReference; lastKnownFileType = sourcecode.swift; path = MyAppApp.swift; sourceTree = "<group>"; };
		A922FC222BACB5C50059B955 /* ContentView.swift */ = {isa = PBXFileReference; lastKnownFileType = sourcecode.swift; path = ContentView.swift; sourceTree = "<group>"; };
		A922FC242BACB5CA0059B955 /* Assets.xcassets */ = {isa = PBXFileReference; lastKnownFileType = folder.assetcatalog; path = Assets.xcassets; sourceTree = "<group>"; };
		A922FC272BACB5CA0059B955 /* Preview Assets.xcassets */ = {isa = PBXFileReference; lastKnownFileType = folder.assetcatalog; path = "Preview Assets.xcassets"; sourceTree = "<group>"; };
		A922FC322BACB5E70059B955 /* libMyLibrary.a */ = {isa = PBXFileReference; explicitFileType = archive.ar; includeInIndex = 0; path = libMyLibrary.a; sourceTree = BUILT_PRODUCTS_DIR; };
		A922FC342BACB5E70059B955 /* MyLibrary.swift */ = {isa = PBXFileReference; lastKnownFileType = sourcecode.swift; path = MyLibrary.swift; sourceTree = "<group>"; };
/* End PBXFileReference section */

/* Begin PBXFrameworksBuildPhase section */
		A922FC1A2BACB5C50059B955 /* Frameworks */ = {
			isa = PBXFrameworksBuildPhase;
			buildActionMask = 2147483647;
			files = (
				A9312ED12BAD6B9E00E43545 /* MyPackage in Frameworks */,
				A9312ED52BAD738800E43545 /* MyFramework in Frameworks */,
			);
			runOnlyForDeploymentPostprocessing = 0;
		};
		A922FC2F2BACB5E70059B955 /* Frameworks */ = {
			isa = PBXFrameworksBuildPhase;
			buildActionMask = 2147483647;
			files = (
			);
			runOnlyForDeploymentPostprocessing = 0;
		};
/* End PBXFrameworksBuildPhase section */

/* Begin PBXGroup section */
		A922FC142BACB5C50059B955 = {
			isa = PBXGroup;
			children = (
				A922FC1F2BACB5C50059B955 /* MyApp */,
				A922FC332BACB5E70059B955 /* MyLibrary */,
				A922FC1E2BACB5C50059B955 /* Products */,
				A9312ECF2BAD6B9E00E43545 /* Frameworks */,
			);
			sourceTree = "<group>";
		};
		A922FC1E2BACB5C50059B955 /* Products */ = {
			isa = PBXGroup;
			children = (
				A922FC1D2BACB5C50059B955 /* MyApp.app */,
				A922FC322BACB5E70059B955 /* libMyLibrary.a */,
			);
			name = Products;
			sourceTree = "<group>";
		};
		A922FC1F2BACB5C50059B955 /* MyApp */ = {
			isa = PBXGroup;
			children = (
				A922FC202BACB5C50059B955 /* MyAppApp.swift */,
				A922FC222BACB5C50059B955 /* ContentView.swift */,
				A922FC242BACB5CA0059B955 /* Assets.xcassets */,
				A922FC262BACB5CA0059B955 /* Preview Content */,
			);
			path = MyApp;
			sourceTree = "<group>";
		};
		A922FC262BACB5CA0059B955 /* Preview Content */ = {
			isa = PBXGroup;
			children = (
				A922FC272BACB5CA0059B955 /* Preview Assets.xcassets */,
			);
			path = "Preview Content";
			sourceTree = "<group>";
		};
		A922FC332BACB5E70059B955 /* MyLibrary */ = {
			isa = PBXGroup;
			children = (
				A922FC342BACB5E70059B955 /* MyLibrary.swift */,
			);
			path = MyLibrary;
			sourceTree = "<group>";
		};
		A9312ECF2BAD6B9E00E43545 /* Frameworks */ = {
			isa = PBXGroup;
			children = (
			);
			name = Frameworks;
			sourceTree = "<group>";
		};
/* End PBXGroup section */

/* Begin PBXNativeTarget section */
		A922FC1C2BACB5C50059B955 /* MyApp */ = {
			isa = PBXNativeTarget;
			buildConfigurationList = A922FC2B2BACB5CA0059B955 /* Build configuration list for PBXNativeTarget "MyApp" */;
			buildPhases = (
				A922FC192BACB5C50059B955 /* Sources */,
				A922FC1A2BACB5C50059B955 /* Frameworks */,
				A922FC1B2BACB5C50059B955 /* Resources */,
			);
			buildRules = (
			);
			dependencies = (
			);
			name = MyApp;
			packageProductDependencies = (
				A9312ED02BAD6B9E00E43545 /* MyPackage */,
				A9312ED42BAD738800E43545 /* MyFramework */,
			);
			productName = MyApp;
			productReference = A922FC1D2BACB5C50059B955 /* MyApp.app */;
			productType = "com.apple.product-type.application";
		};
		A922FC312BACB5E70059B955 /* MyLibrary */ = {
			isa = PBXNativeTarget;
			buildConfigurationList = A922FC362BACB5E70059B955 /* Build configuration list for PBXNativeTarget "MyLibrary" */;
			buildPhases = (
				A922FC2E2BACB5E70059B955 /* Sources */,
				A922FC2F2BACB5E70059B955 /* Frameworks */,
				A922FC302BACB5E70059B955 /* CopyFiles */,
			);
			buildRules = (
			);
			dependencies = (
				A922FC3F2BACB64A0059B955 /* PBXTargetDependency */,
			);
			name = MyLibrary;
			productName = MyLibrary;
			productReference = A922FC322BACB5E70059B955 /* libMyLibrary.a */;
			productType = "com.apple.product-type.library.static";
		};
/* End PBXNativeTarget section */

/* Begin PBXProject section */
		A922FC152BACB5C50059B955 /* Project object */ = {
			isa = PBXProject;
			attributes = {
				BuildIndependentTargetsInParallel = 1;
				LastSwiftUpdateCheck = 1520;
				LastUpgradeCheck = 1520;
				TargetAttributes = {
					A922FC1C2BACB5C50059B955 = {
						CreatedOnToolsVersion = 15.2;
					};
					A922FC312BACB5E70059B955 = {
						CreatedOnToolsVersion = 15.2;
					};
					A922FC392BACB5F30059B955 = {
						CreatedOnToolsVersion = 15.2;
					};
				};
			};
			buildConfigurationList = A922FC182BACB5C50059B955 /* Build configuration list for PBXProject "MyApp" */;
			compatibilityVersion = "Xcode 14.0";
			developmentRegion = en;
			hasScannedForEncodings = 0;
			knownRegions = (
				en,
				Base,
			);
			mainGroup = A922FC142BACB5C50059B955;
			packageReferences = (
				A922FC3D2BACB6190059B955 /* XCLocalSwiftPackageReference "MyPackage" */,
				A9312ECC2BAD6A9200E43545 /* XCLocalSwiftPackageReference "MyFramework" */,
			);
			productRefGroup = A922FC1E2BACB5C50059B955 /* Products */;
			projectDirPath = "";
			projectRoot = "";
			targets = (
				A922FC1C2BACB5C50059B955 /* MyApp */,
				A922FC312BACB5E70059B955 /* MyLibrary */,
				A922FC392BACB5F30059B955 /* MyFramework */,
			);
		};
/* End PBXProject section */

/* Begin PBXResourcesBuildPhase section */
		A922FC1B2BACB5C50059B955 /* Resources */ = {
			isa = PBXResourcesBuildPhase;
			buildActionMask = 2147483647;
			files = (
				A922FC282BACB5CA0059B955 /* Preview Assets.xcassets in Resources */,
				A922FC252BACB5CA0059B955 /* Assets.xcassets in Resources */,
			);
			runOnlyForDeploymentPostprocessing = 0;
		};
/* End PBXResourcesBuildPhase section */

/* Begin PBXShellScriptBuildPhase section */
		A922FC402BACB68F0059B955 /* ShellScript */ = {
			isa = PBXShellScriptBuildPhase;
			alwaysOutOfDate = 1;
			buildActionMask = 2147483647;
			files = (
			);
			inputFileListPaths = (
			);
			inputPaths = (
			);
			outputFileListPaths = (
			);
			outputPaths = (
			);
			runOnlyForDeploymentPostprocessing = 0;
			shellPath = /bin/sh;
			shellScript = "rm -rf ${BUILD_DIR}\nmkdir ${BUILD_DIR}\n\nxcodebuild archive -project MyApp.xcodeproj \\\n -scheme MyLibrary \\\n -configuration ${CONFIGURATION} \\\n -destination \"generic/platform=iOS Simulator\" \\\n -archivePath ${SRCROOT}/build/${CONFIGURATION}-iphonesimulator \\\n SKIP_INSTALL=NO\n \nxcodebuild -create-xcframework \\\n -library ${SRCROOT}/build/${CONFIGURATION}-iphonesimulator.xcarchive/Products/usr/local/lib/libMyLibrary.a \\\n -output ${SRCROOT}/build/MyLibrary.xcframework\n \ncp -R ${OBJROOT}/ArchiveIntermediates/MyLibrary/BuildProductsPath/${CONFIGURATION}-iphonesimulator/MyLibrary.swiftmodule ${SRCROOT}/build/MyLibrary.xcframework/ios-arm64_x86_64-simulator\n\nrm -rf ${SRCROOT}/MyFramework/MyLibrary.xcframework\nmv ${SRCROOT}/build/MyLibrary.xcframework ${SRCROOT}/MyFramework/ \n";
		};
/* End PBXShellScriptBuildPhase section */

/* Begin PBXSourcesBuildPhase section */
		A922FC192BACB5C50059B955 /* Sources */ = {
			isa = PBXSourcesBuildPhase;
			buildActionMask = 2147483647;
			files = (
				A922FC232BACB5C50059B955 /* ContentView.swift in Sources */,
				A922FC212BACB5C50059B955 /* MyAppApp.swift in Sources */,
			);
			runOnlyForDeploymentPostprocessing = 0;
		};
		A922FC2E2BACB5E70059B955 /* Sources */ = {
			isa = PBXSourcesBuildPhase;
			buildActionMask = 2147483647;
			files = (
				A922FC352BACB5E70059B955 /* MyLibrary.swift in Sources */,
			);
			runOnlyForDeploymentPostprocessing = 0;
		};
/* End PBXSourcesBuildPhase section */

/* Begin PBXTargetDependency section */
		A922FC3F2BACB64A0059B955 /* PBXTargetDependency */ = {
			isa = PBXTargetDependency;
			productRef = A922FC3E2BACB64A0059B955 /* MyPackage */;
		};
/* End PBXTargetDependency section */

/* Begin XCBuildConfiguration section */
		A922FC292BACB5CA0059B955 /* Debug */ = {
			isa = XCBuildConfiguration;
			buildSettings = {
				ALWAYS_SEARCH_USER_PATHS = NO;
				ASSETCATALOG_COMPILER_GENERATE_SWIFT_ASSET_SYMBOL_EXTENSIONS = YES;
				CLANG_ANALYZER_NONNULL = YES;
				CLANG_ANALYZER_NUMBER_OBJECT_CONVERSION = YES_AGGRESSIVE;
				CLANG_CXX_LANGUAGE_STANDARD = "gnu++20";
				CLANG_ENABLE_MODULES = YES;
				CLANG_ENABLE_OBJC_ARC = YES;
				CLANG_ENABLE_OBJC_WEAK = YES;
				CLANG_WARN_BLOCK_CAPTURE_AUTORELEASING = YES;
				CLANG_WARN_BOOL_CONVERSION = YES;
				CLANG_WARN_COMMA = YES;
				CLANG_WARN_CONSTANT_CONVERSION = YES;
				CLANG_WARN_DEPRECATED_OBJC_IMPLEMENTATIONS = YES;
				CLANG_WARN_DIRECT_OBJC_ISA_USAGE = YES_ERROR;
				CLANG_WARN_DOCUMENTATION_COMMENTS = YES;
				CLANG_WARN_EMPTY_BODY = YES;
				CLANG_WARN_ENUM_CONVERSION = YES;
				CLANG_WARN_INFINITE_RECURSION = YES;
				CLANG_WARN_INT_CONVERSION = YES;
				CLANG_WARN_NON_LITERAL_NULL_CONVERSION = YES;
				CLANG_WARN_OBJC_IMPLICIT_RETAIN_SELF = YES;
				CLANG_WARN_OBJC_LITERAL_CONVERSION = YES;
				CLANG_WARN_OBJC_ROOT_CLASS = YES_ERROR;
				CLANG_WARN_QUOTED_INCLUDE_IN_FRAMEWORK_HEADER = YES;
				CLANG_WARN_RANGE_LOOP_ANALYSIS = YES;
				CLANG_WARN_STRICT_PROTOTYPES = YES;
				CLANG_WARN_SUSPICIOUS_MOVE = YES;
				CLANG_WARN_UNGUARDED_AVAILABILITY = YES_AGGRESSIVE;
				CLANG_WARN_UNREACHABLE_CODE = YES;
				CLANG_WARN__DUPLICATE_METHOD_MATCH = YES;
				COPY_PHASE_STRIP = NO;
				DEBUG_INFORMATION_FORMAT = dwarf;
				ENABLE_STRICT_OBJC_MSGSEND = YES;
				ENABLE_TESTABILITY = YES;
				ENABLE_USER_SCRIPT_SANDBOXING = NO;
				GCC_C_LANGUAGE_STANDARD = gnu17;
				GCC_DYNAMIC_NO_PIC = NO;
				GCC_NO_COMMON_BLOCKS = YES;
				GCC_OPTIMIZATION_LEVEL = 0;
				GCC_PREPROCESSOR_DEFINITIONS = (
					"DEBUG=1",
					"$(inherited)",
				);
				GCC_WARN_64_TO_32_BIT_CONVERSION = YES;
				GCC_WARN_ABOUT_RETURN_TYPE = YES_ERROR;
				GCC_WARN_UNDECLARED_SELECTOR = YES;
				GCC_WARN_UNINITIALIZED_AUTOS = YES_AGGRESSIVE;
				GCC_WARN_UNUSED_FUNCTION = YES;
				GCC_WARN_UNUSED_VARIABLE = YES;
				IPHONEOS_DEPLOYMENT_TARGET = 17.2;
				LOCALIZATION_PREFERS_STRING_CATALOGS = YES;
				MTL_ENABLE_DEBUG_INFO = INCLUDE_SOURCE;
				MTL_FAST_MATH = YES;
				ONLY_ACTIVE_ARCH = YES;
				SDKROOT = iphoneos;
				SWIFT_ACTIVE_COMPILATION_CONDITIONS = "DEBUG $(inherited)";
				SWIFT_OPTIMIZATION_LEVEL = "-Onone";
			};
			name = Debug;
		};
		A922FC2A2BACB5CA0059B955 /* Release */ = {
			isa = XCBuildConfiguration;
			buildSettings = {
				ALWAYS_SEARCH_USER_PATHS = NO;
				ASSETCATALOG_COMPILER_GENERATE_SWIFT_ASSET_SYMBOL_EXTENSIONS = YES;
				CLANG_ANALYZER_NONNULL = YES;
				CLANG_ANALYZER_NUMBER_OBJECT_CONVERSION = YES_AGGRESSIVE;
				CLANG_CXX_LANGUAGE_STANDARD = "gnu++20";
				CLANG_ENABLE_MODULES = YES;
				CLANG_ENABLE_OBJC_ARC = YES;
				CLANG_ENABLE_OBJC_WEAK = YES;
				CLANG_WARN_BLOCK_CAPTURE_AUTORELEASING = YES;
				CLANG_WARN_BOOL_CONVERSION = YES;
				CLANG_WARN_COMMA = YES;
				CLANG_WARN_CONSTANT_CONVERSION = YES;
				CLANG_WARN_DEPRECATED_OBJC_IMPLEMENTATIONS = YES;
				CLANG_WARN_DIRECT_OBJC_ISA_USAGE = YES_ERROR;
				CLANG_WARN_DOCUMENTATION_COMMENTS = YES;
				CLANG_WARN_EMPTY_BODY = YES;
				CLANG_WARN_ENUM_CONVERSION = YES;
				CLANG_WARN_INFINITE_RECURSION = YES;
				CLANG_WARN_INT_CONVERSION = YES;
				CLANG_WARN_NON_LITERAL_NULL_CONVERSION = YES;
				CLANG_WARN_OBJC_IMPLICIT_RETAIN_SELF = YES;
				CLANG_WARN_OBJC_LITERAL_CONVERSION = YES;
				CLANG_WARN_OBJC_ROOT_CLASS = YES_ERROR;
				CLANG_WARN_QUOTED_INCLUDE_IN_FRAMEWORK_HEADER = YES;
				CLANG_WARN_RANGE_LOOP_ANALYSIS = YES;
				CLANG_WARN_STRICT_PROTOTYPES = YES;
				CLANG_WARN_SUSPICIOUS_MOVE = YES;
				CLANG_WARN_UNGUARDED_AVAILABILITY = YES_AGGRESSIVE;
				CLANG_WARN_UNREACHABLE_CODE = YES;
				CLANG_WARN__DUPLICATE_METHOD_MATCH = YES;
				COPY_PHASE_STRIP = NO;
				DEBUG_INFORMATION_FORMAT = "dwarf-with-dsym";
				ENABLE_NS_ASSERTIONS = NO;
				ENABLE_STRICT_OBJC_MSGSEND = YES;
				ENABLE_USER_SCRIPT_SANDBOXING = NO;
				GCC_C_LANGUAGE_STANDARD = gnu17;
				GCC_NO_COMMON_BLOCKS = YES;
				GCC_WARN_64_TO_32_BIT_CONVERSION = YES;
				GCC_WARN_ABOUT_RETURN_TYPE = YES_ERROR;
				GCC_WARN_UNDECLARED_SELECTOR = YES;
				GCC_WARN_UNINITIALIZED_AUTOS = YES_AGGRESSIVE;
				GCC_WARN_UNUSED_FUNCTION = YES;
				GCC_WARN_UNUSED_VARIABLE = YES;
				IPHONEOS_DEPLOYMENT_TARGET = 17.2;
				LOCALIZATION_PREFERS_STRING_CATALOGS = YES;
				MTL_ENABLE_DEBUG_INFO = NO;
				MTL_FAST_MATH = YES;
				SDKROOT = iphoneos;
				SWIFT_COMPILATION_MODE = wholemodule;
				VALIDATE_PRODUCT = YES;
			};
			name = Release;
		};
		A922FC2C2BACB5CA0059B955 /* Debug */ = {
			isa = XCBuildConfiguration;
			buildSettings = {
				ASSETCATALOG_COMPILER_APPICON_NAME = AppIcon;
				ASSETCATALOG_COMPILER_GLOBAL_ACCENT_COLOR_NAME = AccentColor;
				CODE_SIGN_STYLE = Automatic;
				CURRENT_PROJECT_VERSION = 1;
				DEVELOPMENT_ASSET_PATHS = "\"MyApp/Preview Content\"";
				DEVELOPMENT_TEAM = U724DF5ZWL;
				ENABLE_PREVIEWS = YES;
				GENERATE_INFOPLIST_FILE = YES;
				INFOPLIST_KEY_UIApplicationSceneManifest_Generation = YES;
				INFOPLIST_KEY_UIApplicationSupportsIndirectInputEvents = YES;
				INFOPLIST_KEY_UILaunchScreen_Generation = YES;
				INFOPLIST_KEY_UISupportedInterfaceOrientations_iPad = "UIInterfaceOrientationPortrait UIInterfaceOrientationPortraitUpsideDown UIInterfaceOrientationLandscapeLeft UIInterfaceOrientationLandscapeRight";
				INFOPLIST_KEY_UISupportedInterfaceOrientations_iPhone = "UIInterfaceOrientationPortrait UIInterfaceOrientationLandscapeLeft UIInterfaceOrientationLandscapeRight";
				LD_RUNPATH_SEARCH_PATHS = (
					"$(inherited)",
					"@executable_path/Frameworks",
				);
				MARKETING_VERSION = 1.0;
				PRODUCT_BUNDLE_IDENTIFIER = "de.eos-uptrade.MyApp";
				PRODUCT_NAME = "$(TARGET_NAME)";
				SUPPORTED_PLATFORMS = "iphoneos iphonesimulator";
				SUPPORTS_MACCATALYST = NO;
				SUPPORTS_MAC_DESIGNED_FOR_IPHONE_IPAD = NO;
				SUPPORTS_XR_DESIGNED_FOR_IPHONE_IPAD = NO;
				SWIFT_EMIT_LOC_STRINGS = YES;
				SWIFT_VERSION = 5.0;
				TARGETED_DEVICE_FAMILY = "1,2";
			};
			name = Debug;
		};
		A922FC2D2BACB5CA0059B955 /* Release */ = {
			isa = XCBuildConfiguration;
			buildSettings = {
				ASSETCATALOG_COMPILER_APPICON_NAME = AppIcon;
				ASSETCATALOG_COMPILER_GLOBAL_ACCENT_COLOR_NAME = AccentColor;
				CODE_SIGN_STYLE = Automatic;
				CURRENT_PROJECT_VERSION = 1;
				DEVELOPMENT_ASSET_PATHS = "\"MyApp/Preview Content\"";
				DEVELOPMENT_TEAM = U724DF5ZWL;
				ENABLE_PREVIEWS = YES;
				GENERATE_INFOPLIST_FILE = YES;
				INFOPLIST_KEY_UIApplicationSceneManifest_Generation = YES;
				INFOPLIST_KEY_UIApplicationSupportsIndirectInputEvents = YES;
				INFOPLIST_KEY_UILaunchScreen_Generation = YES;
				INFOPLIST_KEY_UISupportedInterfaceOrientations_iPad = "UIInterfaceOrientationPortrait UIInterfaceOrientationPortraitUpsideDown UIInterfaceOrientationLandscapeLeft UIInterfaceOrientationLandscapeRight";
				INFOPLIST_KEY_UISupportedInterfaceOrientations_iPhone = "UIInterfaceOrientationPortrait UIInterfaceOrientationLandscapeLeft UIInterfaceOrientationLandscapeRight";
				LD_RUNPATH_SEARCH_PATHS = (
					"$(inherited)",
					"@executable_path/Frameworks",
				);
				MARKETING_VERSION = 1.0;
				PRODUCT_BUNDLE_IDENTIFIER = "de.eos-uptrade.MyApp";
				PRODUCT_NAME = "$(TARGET_NAME)";
				SUPPORTED_PLATFORMS = "iphoneos iphonesimulator";
				SUPPORTS_MACCATALYST = NO;
				SUPPORTS_MAC_DESIGNED_FOR_IPHONE_IPAD = NO;
				SUPPORTS_XR_DESIGNED_FOR_IPHONE_IPAD = NO;
				SWIFT_EMIT_LOC_STRINGS = YES;
				SWIFT_VERSION = 5.0;
				TARGETED_DEVICE_FAMILY = "1,2";
			};
			name = Release;
		};
		A922FC372BACB5E70059B955 /* Debug */ = {
			isa = XCBuildConfiguration;
			buildSettings = {
				BUILD_LIBRARY_FOR_DISTRIBUTION = YES;
				CODE_SIGN_STYLE = Automatic;
				DEVELOPMENT_TEAM = U724DF5ZWL;
				OTHER_LDFLAGS = "-ObjC";
				PRODUCT_NAME = "$(TARGET_NAME)";
				SKIP_INSTALL = YES;
				SWIFT_VERSION = 5.0;
				TARGETED_DEVICE_FAMILY = "1,2";
			};
			name = Debug;
		};
		A922FC382BACB5E70059B955 /* Release */ = {
			isa = XCBuildConfiguration;
			buildSettings = {
				BUILD_LIBRARY_FOR_DISTRIBUTION = YES;
				CODE_SIGN_STYLE = Automatic;
				DEVELOPMENT_TEAM = U724DF5ZWL;
				OTHER_LDFLAGS = "-ObjC";
				PRODUCT_NAME = "$(TARGET_NAME)";
				SKIP_INSTALL = YES;
				SWIFT_VERSION = 5.0;
				TARGETED_DEVICE_FAMILY = "1,2";
			};
			name = Release;
		};
		A922FC3B2BACB5F30059B955 /* Debug */ = {
			isa = XCBuildConfiguration;
			buildSettings = {
				CODE_SIGN_STYLE = Automatic;
				DEVELOPMENT_TEAM = U724DF5ZWL;
				PRODUCT_NAME = "$(TARGET_NAME)";
			};
			name = Debug;
		};
		A922FC3C2BACB5F30059B955 /* Release */ = {
			isa = XCBuildConfiguration;
			buildSettings = {
				CODE_SIGN_STYLE = Automatic;
				DEVELOPMENT_TEAM = U724DF5ZWL;
				PRODUCT_NAME = "$(TARGET_NAME)";
			};
			name = Release;
		};
/* End XCBuildConfiguration section */

/* Begin XCConfigurationList section */
		A922FC182BACB5C50059B955 /* Build configuration list for PBXProject "MyApp" */ = {
			isa = XCConfigurationList;
			buildConfigurations = (
				A922FC292BACB5CA0059B955 /* Debug */,
				A922FC2A2BACB5CA0059B955 /* Release */,
			);
			defaultConfigurationIsVisible = 0;
			defaultConfigurationName = Release;
		};
		A922FC2B2BACB5CA0059B955 /* Build configuration list for PBXNativeTarget "MyApp" */ = {
			isa = XCConfigurationList;
			buildConfigurations = (
				A922FC2C2BACB5CA0059B955 /* Debug */,
				A922FC2D2BACB5CA0059B955 /* Release */,
			);
			defaultConfigurationIsVisible = 0;
			defaultConfigurationName = Release;
		};
		A922FC362BACB5E70059B955 /* Build configuration list for PBXNativeTarget "MyLibrary" */ = {
			isa = XCConfigurationList;
			buildConfigurations = (
				A922FC372BACB5E70059B955 /* Debug */,
				A922FC382BACB5E70059B955 /* Release */,
			);
			defaultConfigurationIsVisible = 0;
			defaultConfigurationName = Release;
		};
		A922FC3A2BACB5F30059B955 /* Build configuration list for PBXAggregateTarget "MyFramework" */ = {
			isa = XCConfigurationList;
			buildConfigurations = (
				A922FC3B2BACB5F30059B955 /* Debug */,
				A922FC3C2BACB5F30059B955 /* Release */,
			);
			defaultConfigurationIsVisible = 0;
			defaultConfigurationName = Release;
		};
/* End XCConfigurationList section */

/* Begin XCLocalSwiftPackageReference section */
		A922FC3D2BACB6190059B955 /* XCLocalSwiftPackageReference "MyPackage" */ = {
			isa = XCLocalSwiftPackageReference;
			relativePath = MyPackage;
		};
		A9312ECC2BAD6A9200E43545 /* XCLocalSwiftPackageReference "MyFramework" */ = {
			isa = XCLocalSwiftPackageReference;
			relativePath = MyFramework;
		};
/* End XCLocalSwiftPackageReference section */

/* Begin XCSwiftPackageProductDependency section */
		A922FC3E2BACB64A0059B955 /* MyPackage */ = {
			isa = XCSwiftPackageProductDependency;
			package = A922FC3D2BACB6190059B955 /* XCLocalSwiftPackageReference "MyPackage" */;
			productName = MyPackage;
		};
		A9312ED02BAD6B9E00E43545 /* MyPackage */ = {
			isa = XCSwiftPackageProductDependency;
			package = A922FC3D2BACB6190059B955 /* XCLocalSwiftPackageReference "MyPackage" */;
			productName = MyPackage;
		};
		A9312ED42BAD738800E43545 /* MyFramework */ = {
			isa = XCSwiftPackageProductDependency;
			package = A9312ECC2BAD6A9200E43545 /* XCLocalSwiftPackageReference "MyFramework" */;
			productName = MyFramework;
		};
/* End XCSwiftPackageProductDependency section */
	};
	rootObject = A922FC152BACB5C50059B955 /* Project object */;
}
